lockfileVersion: '9.0'

settings:
  autoInstallPeers: true
  excludeLinksFromLockfile: false

importers:

  .:
    dependencies:
      '@zerodev/ecdsa-validator':
        specifier: ^5.4.9
        version: 5.4.9(@zerodev/sdk@5.5.10(viem@2.54.1))(viem@2.54.1)
      '@zerodev/permissions':
        specifier: ^5.6.3
        version: 5.6.3(@zerodev/sdk@5.5.10(viem@2.54.1))(@zerodev/webauthn-key@5.5.0(viem@2.54.1))(viem@2.54.1)
      '@zerodev/sdk':
        specifier: ^5.5.10
        version: 5.5.10(viem@2.54.1)
      dotenv:
        specifier: ^17.4.2
        version: 17.4.2
      tslib:
        specifier: ^2.8.1
        version: 2.8.1
      viem:
        specifier: ^2.54.1
        version: 2.54.1

packages:

  '@adraffy/ens-normalize@1.11.1':
    resolution: {integrity: sha512-nhCBV3quEgesuf7c7KYfperqSS14T8bYuvJ8PcLJp6znkZpFc0AuW4qBtr8eKVyPPe/8RSr7sglCWPU5eaxwKQ==}

  '@ethereumjs/rlp@4.0.1':
    resolution: {integrity: sha512-tqsQiBQDQdmPWE1xkkBq4rlSW5QZpLOUJ5RJh2/9fug+q9tnUhuZoVLk7s0scUIKTOzEtR72DFBXI4WiZcMpvw==}
    engines: {node: '>=14'}
    hasBin: true

  '@ethereumjs/util@8.1.0':
    resolution: {integrity: sha512-zQ0IqbdX8FZ9aw11vP+dZkKDkS+kgIvQPHnSAXzP9pLu+Rfu3D3XEeLbicvoXJTYnhZiPmsZUxgdzXwNKxRPbA==}
    engines: {node: '>=14'}

  '@noble/ciphers@1.3.0':
    resolution: {integrity: sha512-2I0gnIVPtfnMw9ee9h1dJG7tp81+8Ob3OJb3Mv37rx5L40/b0i7djjCVvGOVqc9AEIQyvyu1i6ypKdFw8R8gQw==}
    engines: {node: ^14.21.3 || >=16}

  '@noble/curves@1.4.2':
    resolution: {integrity: sha512-TavHr8qycMChk8UwMld0ZDRvatedkzWfH8IiaeGCfymOP5i0hSCozz9vHOL0nkwk7HRMlFnAiKpS2jrUmSybcw==}

  '@noble/curves@1.9.1':
    resolution: {integrity: sha512-k11yZxZg+t+gWvBbIswW0yoJlu8cHOC7dhunwOzoWH/mXGBiYyR4YY6hAEK/3EUs4UpB8la1RfdRpeGsFHkWsA==}
    engines: {node: ^14.21.3 || >=16}

  '@noble/curves@1.9.7':
    resolution: {integrity: sha512-gbKGcRUYIjA3/zCCNaWDciTMFI0dCkvou3TL8Zmy5Nc7sJ47a0jtOeZoTaMxkuqRo9cRhjOdZJXegxYE5FN/xw==}
    engines: {node: ^14.21.3 || >=16}

  '@noble/hashes@1.4.0':
    resolution: {integrity: sha512-V1JJ1WTRUqHHrOSh597hURcMqVKVGL/ea3kv0gSnEdsEZ0/+VyPghM1lMNGc00z7CIQorSvbKpuJkxvuHbvdbg==}
    engines: {node: '>= 16'}

  '@noble/hashes@1.8.0':
    resolution: {integrity: sha512-jCs9ldd7NwzpgXDIf6P3+NrHh9/sD6CQdxHyjQI+h/6rDNo88ypBxxz45UDuZHz9r3tNz7N/VInSVoVdtXEI4A==}
    engines: {node: ^14.21.3 || >=16}

  '@scure/base@1.1.9':
    resolution: {integrity: sha512-8YKhl8GHiNI/pU2VMaofa2Tor7PJRAjwQLBBuilkJ9L5+13yVbC7JO/wS7piioAvPSwR3JKM1IJ/u4xQzbcXKg==}

  '@scure/base@1.2.6':
    resolution: {integrity: sha512-g/nm5FgUa//MCj1gV09zTJTaM6KBAHqLN907YVQqf7zC49+DcO4B1so4ZX07Ef10Twr6nuqYEH9GEggFXA4Fmg==}

  '@scure/bip32@1.4.0':
    resolution: {integrity: sha512-sVUpc0Vq3tXCkDGYVWGIZTRfnvu8LoTDaev7vbwh0omSvVORONr960MQWdKqJDCReIEmTj3PAr73O3aoxz7OPg==}

  '@scure/bip32@1.7.0':
    resolution: {integrity: sha512-E4FFX/N3f4B80AKWp5dP6ow+flD1LQZo/w8UnLGYZO674jS6YnYeepycOOksv+vLPSpgN35wgKgy+ybfTb2SMw==}

  '@scure/bip39@1.3.0':
    resolution: {integrity: sha512-disdg7gHuTDZtY+ZdkmLpPCk7fxZSu3gBiEGuoC1XYxv9cGx3Z6cpTggCgW6odSOOIXCiDjuGejW+aJKCY/pIQ==}

  '@scure/bip39@1.6.0':
    resolution: {integrity: sha512-+lF0BbLiJNwVlev4eKelw1WWLaiKXw7sSl8T6FvBlWkdX+94aGJ4o8XjUdlyhTCjd8c+B3KT3JfS8P0bLRNU6A==}

  '@simplewebauthn/browser@8.3.7':
    resolution: {integrity: sha512-ZtRf+pUEgOCvjrYsbMsJfiHOdKcrSZt2zrAnIIpfmA06r0FxBovFYq0rJ171soZbe13KmWzAoLKjSxVW7KxCdQ==}

  '@simplewebauthn/browser@9.0.1':
    resolution: {integrity: sha512-wD2WpbkaEP4170s13/HUxPcAV5y4ZXaKo1TfNklS5zDefPinIgXOpgz1kpEvobAsaLPa2KeH7AKKX/od1mrBJw==}

  '@simplewebauthn/types@12.0.0':
    resolution: {integrity: sha512-q6y8MkoV8V8jB4zzp18Uyj2I7oFp2/ONL8c3j8uT06AOWu3cIChc1au71QYHrP2b+xDapkGTiv+9lX7xkTlAsA==}
    deprecated: Package no longer supported. Contact Support at https://www.npmjs.com/support for more info.

  '@simplewebauthn/types@9.0.1':
    resolution: {integrity: sha512-tGSRP1QvsAvsJmnOlRQyw/mvK9gnPtjEc5fg2+m8n+QUa+D7rvrKkOYyfpy42GTs90X3RDOnqJgfHt+qO67/+w==}
    deprecated: Package no longer supported. Contact Support at https://www.npmjs.com/support for more info.

  '@simplewebauthn/typescript-types@8.3.4':
    resolution: {integrity: sha512-38xtca0OqfRVNloKBrFB5LEM6PN5vzFbJG6rAutPVrtGHFYxPdiV3btYWq0eAZAZmP+dqFPYJxJWeJrGfmYHng==}
    deprecated: This package has been renamed to @simplewebauthn/types. Please install @simplewebauthn/types instead to ensure you receive future updates.

  '@zerodev/ecdsa-validator@5.4.9':
    resolution: {integrity: sha512-9NVE8/sQIKRo42UOoYKkNdmmHJY8VlT4t+2MHD2ipLg21cpbY9fS17TGZh61+Bl3qlqc8pP23I6f89z9im7kuA==}
    peerDependencies:
      '@zerodev/sdk': ^5.4.13
      viem: ^2.28.0

  '@zerodev/permissions@5.6.3':
    resolution: {integrity: sha512-MwW3Eo3rB5ViOKdY6NUoyvmQTV/bCbOZbmQMTYQqAT7B8rdI9jo44nNONMOHIhDkfF4VFhQ9+M50cCZLA/6zcg==}
    peerDependencies:
      '@zerodev/sdk': ^5.4.0
      '@zerodev/webauthn-key': ^5.4.0
      viem: ^2.28.0

  '@zerodev/sdk@5.5.10':
    resolution: {integrity: sha512-WVyj2XR9F6zK2GdXrvappx7yo6zoJ46cWe42dOIArp3xDjFBninjA4O1O94MwohB0G+yFqtXNsEU+WxdE67SgQ==}
    peerDependencies:
      viem: ^2.28.0

  '@zerodev/webauthn-key@5.5.0':
    resolution: {integrity: sha512-AbD2d/qrsX7AWxJMEfwxnLbp1TjiUjc1V4ne3Q40UJxKe+lW64Td+y8OD0qSFMqgN6rQxJZ0aOAXmat8H6xluA==}
    peerDependencies:
      viem: ^2.28.0

  abitype@1.2.3:
    resolution: {integrity: sha512-Ofer5QUnuUdTFsBRwARMoWKOH1ND5ehwYhJ3OJ/BQO+StkwQjHw0XyVh4vDttzHB7QOFhPHa/o413PJ82gU/Tg==}
    peerDependencies:
      typescript: '>=5.0.4'
      zod: ^3.22.0 || ^4.0.0
    peerDependenciesMeta:
      typescript:
        optional: true
      zod:
        optional: true

  bignumber.js@9.3.1:
    resolution: {integrity: sha512-Ko0uX15oIUS7wJ3Rb30Fs6SkVbLmPBAKdlm7q9+ak9bbIeFf0MwuBsQV6z7+X768/cHsfg+WlysDWJcmthjsjQ==}

  bn.js@4.11.6:
    resolution: {integrity: sha512-XWwnNNFCuuSQ0m3r3C4LE3EiORltHd9M05pq6FOlVeiophzRbMo50Sbz1ehl8K3Z+jw9+vmgnXefY1hz8X+2wA==}

  bn.js@5.2.4:
    resolution: {integrity: sha512-QL7sb18rJ1PbdsKsqPA0guxL563vIMwRHgzNrW/uzQuRGN1Cjqd/wonUBAVqHox9KwzHA6vCbM0lXx3k4iQMow==}

  buffer-reverse@1.0.1:
    resolution: {integrity: sha512-M87YIUBsZ6N924W57vDwT/aOu8hw7ZgdByz6ijksLjmHJELBASmYTTlNHRgjE+pTsT9oJXGaDSgqqwfdHotDUg==}

  crypto-js@4.2.0:
    resolution: {integrity: sha512-KALDyEYgpY+Rlob/iriUtjV6d5Eq+Y191A5g4UqLAi8CyGP9N1+FdVbkc1SxKc2r4YAYqG8JzO2KGL+AizD70Q==}

  dotenv@17.4.2:
    resolution: {integrity: sha512-nI4U3TottKAcAD9LLud4Cb7b2QztQMUEfHbvhTH09bqXTxnSie8WnjPALV/WMCrJZ6UV/qHJ6L03OqO3LcdYZw==}
    engines: {node: '>=12'}

  ethereum-bloom-filters@1.2.0:
    resolution: {integrity: sha512-28hyiE7HVsWubqhpVLVmZXFd4ITeHi+BUu05o9isf0GUpMtzBUi+8/gFrGaGYzvGAJQmJ3JKj77Mk9G98T84rA==}

  ethereum-cryptography@2.2.1:
    resolution: {integrity: sha512-r/W8lkHSiTLxUxW8Rf3u4HGB0xQweG2RyETjywylKZSzLWoWAijRz8WCuOtJ6wah+avllXBqZuk29HCCvhEIRg==}

  ethjs-unit@0.1.6:
    resolution: {integrity: sha512-/Sn9Y0oKl0uqQuvgFk/zQgR7aw1g36qX/jzSQ5lSwlO0GigPymk4eGQfeNTD03w1dPOqfz8V77Cy43jH56pagw==}
    engines: {node: '>=6.5.0', npm: '>=3'}

  eventemitter3@5.0.1:
    resolution: {integrity: sha512-GWkBvjiSZK87ELrYOSESUYeVIc9mvLLf/nXalMOS5dYrgZq9o5OVkbZAVM06CVxYsCwH9BDZFPlQTlPA1j4ahA==}

  is-hex-prefixed@1.0.0:
    resolution: {integrity: sha512-WvtOiug1VFrE9v1Cydwm+FnXd3+w9GaeVUss5W4v/SLy3UW00vP+6iNF2SdnfiBoLy4bTqVdkftNGTUeOFVsbA==}
    engines: {node: '>=6.5.0', npm: '>=3'}

  isows@1.0.7:
    resolution: {integrity: sha512-I1fSfDCZL5P0v33sVqeTDSpcstAg/N+wF5HS033mogOVIp4B+oHC7oOCsA3axAbBSGTJ8QubbNmnIRN/h8U7hg==}
    peerDependencies:
      ws: '*'

  merkletreejs@0.3.11:
    resolution: {integrity: sha512-LJKTl4iVNTndhL+3Uz/tfkjD0klIWsHlUzgtuNnNrsf7bAlXR30m+xYB7lHr5Z/l6e/yAIsr26Dabx6Buo4VGQ==}
    engines: {node: '>= 7.6.0'}

  micro-ftch@0.3.1:
    resolution: {integrity: sha512-/0LLxhzP0tfiR5hcQebtudP56gUurs2CLkGarnCiB/OqEyUFQ6U3paQi/tgLv0hBJYt2rnr9MNpxz4fiiugstg==}

  number-to-bn@1.7.0:
    resolution: {integrity: sha512-wsJ9gfSz1/s4ZsJN01lyonwuxA1tml6X1yBDnfpMglypcBRFZZkus26EdPSlqS5GJfYddVZa22p3VNb3z5m5Ig==}
    engines: {node: '>=6.5.0', npm: '>=3'}

  ox@0.14.29:
    resolution: {integrity: sha512-M5j87Ec4V99MQdRct/g09eWXW60g6zhHTUs1lr4deUtrPDnezBdCJTgKd7pxqTpSZBFveV0ALi9jMMuT1qKyNg==}
    peerDependencies:
      typescript: '>=5.4.0'
    peerDependenciesMeta:
      typescript:
        optional: true

  randombytes@2.1.0:
    resolution: {integrity: sha512-vYl3iOX+4CKUWuxGi9Ukhie6fsqXqS9FE2Zaic4tNFD2N2QQaXOMFbuKK4QmDHC0JO6B1Zp41J0LpT0oR68amQ==}

  safe-buffer@5.2.1:
    resolution: {integrity: sha512-rp3So07KcdmmKbGvgaNxQSJr7bGVSVk5S9Eq1F+ppbRo70+YeaDxkw5Dd8NPN+GD6bjnYm2VuPuCXmpuYvmCXQ==}

  semver@7.8.5:
    resolution: {integrity: sha512-Y7/KDsb8LjooZpwaqGyulO6DQlksgCncchHGk+sZIY4SBvUocMBEFH5Ur1fI4dV+Jvl0w6cjvucaIi40puRioA==}
    engines: {node: '>=10'}
    hasBin: true

  strip-hex-prefix@1.0.0:
    resolution: {integrity: sha512-q8d4ue7JGEiVcypji1bALTos+0pWtyGlivAWyPuTkHzuTCJqrK9sWxYQZUq6Nq3cuyv3bm734IhHvHtGGURU6A==}
    engines: {node: '>=6.5.0', npm: '>=3'}

  treeify@1.1.0:
    resolution: {integrity: sha512-1m4RA7xVAJrSGrrXGs0L3YTwyvBs2S8PbRHaLZAkFw7JR8oIFwYtysxlBZhYIa7xSyiYJKZ3iGrrk55cGA3i9A==}
    engines: {node: '>=0.6'}

  tslib@2.8.1:
    resolution: {integrity: sha512-oJFu94HQb+KVduSUQL7wnpmqnfmLsOA/nAh6b6EH0wCEoK0/mPeXU6c3wKDV83MkOuHPRHtSXKKU99IBazS/2w==}

  utf8@3.0.0:
    resolution: {integrity: sha512-E8VjFIQ/TyQgp+TZfS6l8yp/xWppSAHzidGiRrqe4bK4XP9pTRyKFgGJpO3SN7zdX4DeomTrwaseCHovfpFcqQ==}

  viem@2.54.1:
    resolution: {integrity: sha512-QRC3GBSnQit4pbb0sSBHRD9WYTPAffvhOqdqp8LgkRRktXZq8dePezZM/ZIkFwluLT7fMP90908goHQbtcga2A==}
    peerDependencies:
      typescript: '>=5.0.4'
    peerDependenciesMeta:
      typescript:
        optional: true

  web3-utils@1.10.4:
    resolution: {integrity: sha512-tsu8FiKJLk2PzhDl9fXbGUWTkkVXYhtTA+SmEFkKft+9BgwLxfCRpU96sWv7ICC8zixBNd3JURVoiR3dUXgP8A==}
    engines: {node: '>=8.0.0'}

  ws@8.20.1:
    resolution: {integrity: sha512-It4dO0K5v//JtTXuPkfEOaI3uUN87iYPnqo/ZzqCoG3g8uhA66QUMs/SrM0YK7/NAu+r4LMh/9dq2A7k+rHs+w==}
    engines: {node: '>=10.0.0'}
    peerDependencies:
      bufferutil: ^4.0.1
      utf-8-validate: '>=5.0.2'
    peerDependenciesMeta:
      bufferutil:
        optional: true
      utf-8-validate:
        optional: true

snapshots:

  '@adraffy/ens-normalize@1.11.1': {}

  '@ethereumjs/rlp@4.0.1': {}

  '@ethereumjs/util@8.1.0':
    dependencies:
      '@ethereumjs/rlp': 4.0.1
      ethereum-cryptography: 2.2.1
      micro-ftch: 0.3.1

  '@noble/ciphers@1.3.0': {}

  '@noble/curves@1.4.2':
    dependencies:
      '@noble/hashes': 1.4.0

  '@noble/curves@1.9.1':
    dependencies:
      '@noble/hashes': 1.8.0

  '@noble/curves@1.9.7':
    dependencies:
      '@noble/hashes': 1.8.0

  '@noble/hashes@1.4.0': {}

  '@noble/hashes@1.8.0': {}

  '@scure/base@1.1.9': {}

  '@scure/base@1.2.6': {}

  '@scure/bip32@1.4.0':
    dependencies:
      '@noble/curves': 1.4.2
      '@noble/hashes': 1.4.0
      '@scure/base': 1.1.9

  '@scure/bip32@1.7.0':
    dependencies:
      '@noble/curves': 1.9.1
      '@noble/hashes': 1.8.0
      '@scure/base': 1.2.6

  '@scure/bip39@1.3.0':
    dependencies:
      '@noble/hashes': 1.4.0
      '@scure/base': 1.1.9

  '@scure/bip39@1.6.0':
    dependencies:
      '@noble/hashes': 1.8.0
      '@scure/base': 1.2.6

  '@simplewebauthn/browser@8.3.7':
    dependencies:
      '@simplewebauthn/typescript-types': 8.3.4

  '@simplewebauthn/browser@9.0.1':
    dependencies:
      '@simplewebauthn/types': 9.0.1

  '@simplewebauthn/types@12.0.0': {}

  '@simplewebauthn/types@9.0.1': {}

  '@simplewebauthn/typescript-types@8.3.4': {}

  '@zerodev/ecdsa-validator@5.4.9(@zerodev/sdk@5.5.10(viem@2.54.1))(viem@2.54.1)':
    dependencies:
      '@zerodev/sdk': 5.5.10(viem@2.54.1)
      viem: 2.54.1

  '@zerodev/permissions@5.6.3(@zerodev/sdk@5.5.10(viem@2.54.1))(@zerodev/webauthn-key@5.5.0(viem@2.54.1))(viem@2.54.1)':
    dependencies:
      '@simplewebauthn/browser': 9.0.1
      '@zerodev/sdk': 5.5.10(viem@2.54.1)
      '@zerodev/webauthn-key': 5.5.0(viem@2.54.1)
      merkletreejs: 0.3.11
      viem: 2.54.1

  '@zerodev/sdk@5.5.10(viem@2.54.1)':
    dependencies:
      semver: 7.8.5
      viem: 2.54.1

  '@zerodev/webauthn-key@5.5.0(viem@2.54.1)':
    dependencies:
      '@noble/curves': 1.9.7
      '@simplewebauthn/browser': 8.3.7
      '@simplewebauthn/types': 12.0.0
      viem: 2.54.1

  abitype@1.2.3: {}

  bignumber.js@9.3.1: {}

  bn.js@4.11.6: {}

  bn.js@5.2.4: {}

  buffer-reverse@1.0.1: {}

  crypto-js@4.2.0: {}

  dotenv@17.4.2: {}

  ethereum-bloom-filters@1.2.0:
    dependencies:
      '@noble/hashes': 1.8.0

  ethereum-cryptography@2.2.1:
    dependencies:
      '@noble/curves': 1.4.2
      '@noble/hashes': 1.4.0
      '@scure/bip32': 1.4.0
      '@scure/bip39': 1.3.0

  ethjs-unit@0.1.6:
    dependencies:
      bn.js: 4.11.6
      number-to-bn: 1.7.0

  eventemitter3@5.0.1: {}

  is-hex-prefixed@1.0.0: {}

  isows@1.0.7(ws@8.20.1):
    dependencies:
      ws: 8.20.1

  merkletreejs@0.3.11:
    dependencies:
      bignumber.js: 9.3.1
      buffer-reverse: 1.0.1
      crypto-js: 4.2.0
      treeify: 1.1.0
      web3-utils: 1.10.4

  micro-ftch@0.3.1: {}

  number-to-bn@1.7.0:
    dependencies:
      bn.js: 4.11.6
      strip-hex-prefix: 1.0.0

  ox@0.14.29:
    dependencies:
      '@adraffy/ens-normalize': 1.11.1
      '@noble/ciphers': 1.3.0
      '@noble/curves': 1.9.1
      '@noble/hashes': 1.8.0
      '@scure/bip32': 1.7.0
      '@scure/bip39': 1.6.0
      abitype: 1.2.3
      eventemitter3: 5.0.1
    transitivePeerDependencies:
      - zod

  randombytes@2.1.0:
    dependencies:
      safe-buffer: 5.2.1

  safe-buffer@5.2.1: {}

  semver@7.8.5: {}

  strip-hex-prefix@1.0.0:
    dependencies:
      is-hex-prefixed: 1.0.0

  treeify@1.1.0: {}

  tslib@2.8.1: {}

  utf8@3.0.0: {}

  viem@2.54.1:
    dependencies:
      '@noble/curves': 1.9.1
      '@noble/hashes': 1.8.0
      '@scure/bip32': 1.7.0
      '@scure/bip39': 1.6.0
      abitype: 1.2.3
      isows: 1.0.7(ws@8.20.1)
      ox: 0.14.29
      ws: 8.20.1
    transitivePeerDependencies:
      - bufferutil
      - utf-8-validate
      - zod

  web3-utils@1.10.4:
    dependencies:
      '@ethereumjs/util': 8.1.0
      bn.js: 5.2.4
      ethereum-bloom-filters: 1.2.0
      ethereum-cryptography: 2.2.1
      ethjs-unit: 0.1.6
      number-to-bn: 1.7.0
      randombytes: 2.1.0
      utf8: 3.0.0

  ws@8.20.1: {}
